
Microsoft Visual Studio Solution File, Format Version 12.00
# Visual Studio Version 16
VisualStudioVersion = 16.0.30225.117
MinimumVisualStudioVersion = 10.0.40219.1
Project("{FAE04EC0-301F-11D3-BF4B-00C04F79EFBC}") = "LinkedList", "LinkedList\LinkedList.csproj", "{3ABD42F8-EC80-4A82-BA7F-D4F93906A99C}"
EndProject
Project("{FAE04EC0-301F-11D3-BF4B-00C04F79EFBC}") = "Trees", "Trees\Trees.csproj", "{236E4C54-0A4F-44DF-8A82-BEBD6383FEA2}"
EndProject
Project("{FAE04EC0-301F-11D3-BF4B-00C04F79EFBC}") = "Arrrays", "Arrrays\Arrrays.csproj", "{20E29FDF-5264-47FB-9063-7C03B196EEA9}"
EndProject
Project("{FAE04EC0-301F-11D3-BF4B-00C04F79EFBC}") = "Graphs", "Graphs\Graphs.csproj", "{CC948634-CD6A-4C96-AB34-307661A89266}"
EndProject
Project("{FAE04EC0-301F-11D3-BF4B-00C04F79EFBC}") = "LRUCache", "LRUCache\LRUCache.csproj", "{100640A3-942A-4810-AE11-73419AE17F0A}"
EndProject
Project("{FAE04EC0-301F-11D3-BF4B-00C04F79EFBC}") = "CircularLinkedList", "CircularLinkedList\CircularLinkedList.csproj", "{CCEB8713-05B7-418A-B7BD-1731C6BE2B80}"
EndProject
Project("{FAE04EC0-301F-11D3-BF4B-00C04F79EFBC}") = "TestConsole", "TestConsole\TestConsole.csproj", "{79F63BE8-D005-4AF8-80A7-CAABDAD0BEBB}"
EndProject
Project("{FAE04EC0-301F-11D3-BF4B-00C04F79EFBC}") = "Recursion", "Recursion\Recursion.csproj", "{3994267D-C4ED-4C96-9215-2B61BC13B87A}"
EndProject
Project("{FAE04EC0-301F-11D3-BF4B-00C04F79EFBC}") = "Heaps", "Heaps\Heaps.csproj", "{75FD036B-3412-4CAF-84C2-7923C0972D46}"
EndProject
Global
	GlobalSection(SolutionConfigurationPlatforms) = preSolution
		Debug|Any CPU = Debug|Any CPU
		Release|Any CPU = Release|Any CPU
	EndGlobalSection
	GlobalSection(ProjectConfigurationPlatforms) = postSolution
		{3ABD42F8-EC80-4A82-BA7F-D4F93906A99C}.Debug|Any CPU.ActiveCfg = Debug|Any CPU
		{3ABD42F8-EC80-4A82-BA7F-D4F93906A99C}.Debug|Any CPU.Build.0 = Debug|Any CPU
		{3ABD42F8-EC80-4A82-BA7F-D4F93906A99C}.Release|Any CPU.ActiveCfg = Release|Any CPU
		{3ABD42F8-EC80-4A82-BA7F-D4F93906A99C}.Release|Any CPU.Build.0 = Release|Any CPU
		{236E4C54-0A4F-44DF-8A82-BEBD6383FEA2}.Debug|Any CPU.ActiveCfg = Debug|Any CPU
		{236E4C54-0A4F-44DF-8A82-BEBD6383FEA2}.Debug|Any CPU.Build.0 = Debug|Any CPU
		{236E4C54-0A4F-44DF-8A82-BEBD6383FEA2}.Release|Any CPU.ActiveCfg = Release|Any CPU
		{236E4C54-0A4F-44DF-8A82-BEBD6383FEA2}.Release|Any CPU.Build.0 = Release|Any CPU
		{20E29FDF-5264-47FB-9063-7C03B196EEA9}.Debug|Any CPU.ActiveCfg = Debug|Any CPU
		{20E29FDF-5264-47FB-9063-7C03B196EEA9}.Debug|Any CPU.Build.0 = Debug|Any CPU
		{20E29FDF-5264-47FB-9063-7C03B196EEA9}.Release|Any CPU.ActiveCfg = Release|Any CPU
		{20E29FDF-5264-47FB-9063-7C03B196EEA9}.Release|Any CPU.Build.0 = Release|Any CPU
		{CC948634-CD6A-4C96-AB34-307661A89266}.Debug|Any CPU.ActiveCfg = Debug|Any CPU
		{CC948634-CD6A-4C96-AB34-307661A89266}.Debug|Any CPU.Build.0 = Debug|Any CPU
		{CC948634-CD6A-4C96-AB34-307661A89266}.Release|Any CPU.ActiveCfg = Release|Any CPU
		{CC948634-CD6A-4C96-AB34-307661A89266}.Release|Any CPU.Build.0 = Release|Any CPU
		{100640A3-942A-4810-AE11-73419AE17F0A}.Debug|Any CPU.ActiveCfg = Debug|Any CPU
		{100640A3-942A-4810-AE11-73419AE17F0A}.Debug|Any CPU.Build.0 = Debug|Any CPU
		{100640A3-942A-4810-AE11-73419AE17F0A}.Release|Any CPU.ActiveCfg = Release|Any CPU
		{100640A3-942A-4810-AE11-73419AE17F0A}.Release|Any CPU.Build.0 = Release|Any CPU
		{CCEB8713-05B7-418A-B7BD-1731C6BE2B80}.Debug|Any CPU.ActiveCfg = Debug|Any CPU
		{CCEB8713-05B7-418A-B7BD-1731C6BE2B80}.Debug|Any CPU.Build.0 = Debug|Any CPU
		{CCEB8713-05B7-418A-B7BD-1731C6BE2B80}.Release|Any CPU.ActiveCfg = Release|Any CPU
		{CCEB8713-05B7-418A-B7BD-1731C6BE2B80}.Release|Any CPU.Build.0 = Release|Any CPU
		{79F63BE8-D005-4AF8-80A7-CAABDAD0BEBB}.Debug|Any CPU.ActiveCfg = Debug|Any CPU
		{79F63BE8-D005-4AF8-80A7-CAABDAD0BEBB}.Debug|Any CPU.Build.0 = Debug|Any CPU
		{79F63BE8-D005-4AF8-80A7-CAABDAD0BEBB}.Release|Any CPU.ActiveCfg = Release|Any CPU
		{79F63BE8-D005-4AF8-80A7-CAABDAD0BEBB}.Release|Any CPU.Build.0 = Release|Any CPU
		{3994267D-C4ED-4C96-9215-2B61BC13B87A}.Debug|Any CPU.ActiveCfg = Debug|Any CPU
		{3994267D-C4ED-4C96-9215-2B61BC13B87A}.Debug|Any CPU.Build.0 = Debug|Any CPU
		{3994267D-C4ED-4C96-9215-2B61BC13B87A}.Release|Any CPU.ActiveCfg = Release|Any CPU
		{3994267D-C4ED-4C96-9215-2B61BC13B87A}.Release|Any CPU.Build.0 = Release|Any CPU
		{75FD036B-3412-4CAF-84C2-7923C0972D46}.Debug|Any CPU.ActiveCfg = Debug|Any CPU
		{75FD036B-3412-4CAF-84C2-7923C0972D46}.Debug|Any CPU.Build.0 = Debug|Any CPU
		{75FD036B-3412-4CAF-84C2-7923C0972D46}.Release|Any CPU.ActiveCfg = Release|Any CPU
		{75FD036B-3412-4CAF-84C2-7923C0972D46}.Release|Any CPU.Build.0 = Release|Any CPU
	EndGlobalSection
	GlobalSection(SolutionProperties) = preSolution
		HideSolutionNode = FALSE
	EndGlobalSection
	GlobalSection(ExtensibilityGlobals) = postSolution
		SolutionGuid = {7ED833FC-CEEA-4255-B52B-FB706FFCE651}
	EndGlobalSection
EndGlobal
